// !$*UTF8*$!
{
	archiveVersion = 1;
	classes = {
	};
	objectVersion = 46;
	objects = {

/* Begin PBXBuildFile section */
		63CD1ED01DCA4583006C5CD0 /* oss.c in Sources */ = {isa = PBXBuildFile; fileRef = 63CD1ECF1DCA4583006C5CD0 /* oss.c */; };
		63CD1EDD1DCA459D006C5CD0 /* user.c in Sources */ = {isa = PBXBuildFile; fileRef = 63CD1EDC1DCA459D006C5CD0 /* user.c */; };
/* End PBXBuildFile section */

/* Begin PBXCopyFilesBuildPhase section */
		63CD1ECA1DCA4583006C5CD0 /* CopyFiles */ = {
			isa = PBXCopyFilesBuildPhase;
			buildActionMask = 2147483647;
			dstPath = /usr/share/man/man1/;
			dstSubfolderSpec = 0;
			files = (
			);
			runOnlyForDeploymentPostprocessing = 1;
		};
		63CD1ED81DCA459D006C5CD0 /* CopyFiles */ = {
			isa = PBXCopyFilesBuildPhase;
			buildActionMask = 2147483647;
			dstPath = /usr/share/man/man1/;
			dstSubfolderSpec = 0;
			files = (
			);
			runOnlyForDeploymentPostprocessing = 1;
		};
/* End PBXCopyFilesBuildPhase section */

/* Begin PBXFileReference section */
		63CD1ECC1DCA4583006C5CD0 /* Proj5 */ = {isa = PBXFileReference; explicitFileType = "compiled.mach-o.executable"; includeInIndex = 0; path = Proj5; sourceTree = BUILT_PRODUCTS_DIR; };
		63CD1ECF1DCA4583006C5CD0 /* oss.c */ = {isa = PBXFileReference; lastKnownFileType = sourcecode.c.c; path = oss.c; sourceTree = "<group>"; };
		63CD1EDA1DCA459D006C5CD0 /* User */ = {isa = PBXFileReference; explicitFileType = "compiled.mach-o.executable"; includeInIndex = 0; path = User; sourceTree = BUILT_PRODUCTS_DIR; };
		63CD1EDC1DCA459D006C5CD0 /* user.c */ = {isa = PBXFileReference; lastKnownFileType = sourcecode.c.c; path = user.c; sourceTree = "<group>"; };
		63CD1EE11DCA4651006C5CD0 /* Proj5.h */ = {isa = PBXFileReference; lastKnownFileType = sourcecode.c.h; path = Proj5.h; sourceTree = "<group>"; };
/* End PBXFileReference section */

/* Begin PBXFrameworksBuildPhase section */
		63CD1EC91DCA4583006C5CD0 /* Frameworks */ = {
			isa = PBXFrameworksBuildPhase;
			buildActionMask = 2147483647;
			files = (
			);
			runOnlyForDeploymentPostprocessing = 0;
		};
		63CD1ED71DCA459D006C5CD0 /* Frameworks */ = {
			isa = PBXFrameworksBuildPhase;
			buildActionMask = 2147483647;
			files = (
			);
			runOnlyForDeploymentPostprocessing = 0;
		};
/* End PBXFrameworksBuildPhase section */

/* Begin PBXGroup section */
		63CD1EC31DCA4583006C5CD0 = {
			isa = PBXGroup;
			children = (
				63CD1EE11DCA4651006C5CD0 /* Proj5.h */,
				63CD1ECE1DCA4583006C5CD0 /* Proj5 */,
				63CD1EDB1DCA459D006C5CD0 /* User */,
				63CD1ECD1DCA4583006C5CD0 /* Products */,
			);
			sourceTree = "<group>";
		};
		63CD1ECD1DCA4583006C5CD0 /* Products */ = {
			isa = PBXGroup;
			children = (
				63CD1ECC1DCA4583006C5CD0 /* Proj5 */,
				63CD1EDA1DCA459D006C5CD0 /* User */,
			);
			name = Products;
			sourceTree = "<group>";
		};
		63CD1ECE1DCA4583006C5CD0 /* Proj5 */ = {
			isa = PBXGroup;
			children = (
				63CD1ECF1DCA4583006C5CD0 /* oss.c */,
			);
			path = Proj5;
			sourceTree = "<group>";
		};
		63CD1EDB1DCA459D006C5CD0 /* User */ = {
			isa = PBXGroup;
			children = (
				63CD1EDC1DCA459D006C5CD0 /* user.c */,
			);
			path = User;
			sourceTree = "<group>";
		};
/* End PBXGroup section */

/* Begin PBXNativeTarget section */
		63CD1ECB1DCA4583006C5CD0 /* Proj5 */ = {
			isa = PBXNativeTarget;
			buildConfigurationList = 63CD1ED31DCA4583006C5CD0 /* Build configuration list for PBXNativeTarget "Proj5" */;
			buildPhases = (
				63CD1EC81DCA4583006C5CD0 /* Sources */,
				63CD1EC91DCA4583006C5CD0 /* Frameworks */,
				63CD1ECA1DCA4583006C5CD0 /* CopyFiles */,
			);
			buildRules = (
			);
			dependencies = (
			);
			name = Proj5;
			productName = Proj5;
			productReference = 63CD1ECC1DCA4583006C5CD0 /* Proj5 */;
			productType = "com.apple.product-type.tool";
		};
		63CD1ED91DCA459D006C5CD0 /* User */ = {
			isa = PBXNativeTarget;
			buildConfigurationList = 63CD1EDE1DCA459D006C5CD0 /* Build configuration list for PBXNativeTarget "User" */;
			buildPhases = (
				63CD1ED61DCA459D006C5CD0 /* Sources */,
				63CD1ED71DCA459D006C5CD0 /* Frameworks */,
				63CD1ED81DCA459D006C5CD0 /* CopyFiles */,
			);
			buildRules = (
			);
			dependencies = (
			);
			name = User;
			productName = User;
			productReference = 63CD1EDA1DCA459D006C5CD0 /* User */;
			productType = "com.apple.product-type.tool";
		};
/* End PBXNativeTarget section */

/* Begin PBXProject section */
		63CD1EC41DCA4583006C5CD0 /* Project object */ = {
			isa = PBXProject;
			attributes = {
				LastUpgradeCheck = 0800;
				ORGANIZATIONNAME = "Anthony Cavallo";
				TargetAttributes = {
					63CD1ECB1DCA4583006C5CD0 = {
						CreatedOnToolsVersion = 8.0;
						ProvisioningStyle = Automatic;
					};
					63CD1ED91DCA459D006C5CD0 = {
						CreatedOnToolsVersion = 8.0;
						ProvisioningStyle = Automatic;
					};
				};
			};
			buildConfigurationList = 63CD1EC71DCA4583006C5CD0 /* Build configuration list for PBXProject "Proj5" */;
			compatibilityVersion = "Xcode 3.2";
			developmentRegion = English;
			hasScannedForEncodings = 0;
			knownRegions = (
				en,
			);
			mainGroup = 63CD1EC31DCA4583006C5CD0;
			productRefGroup = 63CD1ECD1DCA4583006C5CD0 /* Products */;
			projectDirPath = "";
			projectRoot = "";
			targets = (
				63CD1ECB1DCA4583006C5CD0 /* Proj5 */,
				63CD1ED91DCA459D006C5CD0 /* User */,
			);
		};
/* End PBXProject section */

/* Begin PBXSourcesBuildPhase section */
		63CD1EC81DCA4583006C5CD0 /* Sources */ = {
			isa = PBXSourcesBuildPhase;
			buildActionMask = 2147483647;
			files = (
				63CD1ED01DCA4583006C5CD0 /* oss.c in Sources */,
			);
			runOnlyForDeploymentPostprocessing = 0;
		};
		63CD1ED61DCA459D006C5CD0 /* Sources */ = {
			isa = PBXSourcesBuildPhase;
			buildActionMask = 2147483647;
			files = (
				63CD1EDD1DCA459D006C5CD0 /* user.c in Sources */,
			);
			runOnlyForDeploymentPostprocessing = 0;
		};
/* End PBXSourcesBuildPhase section */

/* Begin XCBuildConfiguration section */
		63CD1ED11DCA4583006C5CD0 /* Debug */ = {
			isa = XCBuildConfiguration;
			buildSettings = {
				ALWAYS_SEARCH_USER_PATHS = NO;
				CLANG_ANALYZER_NONNULL = YES;
				CLANG_CXX_LANGUAGE_STANDARD = "gnu++0x";
				CLANG_CXX_LIBRARY = "libc++";
				CLANG_ENABLE_MODULES = YES;
				CLANG_ENABLE_OBJC_ARC = YES;
				CLANG_WARN_BOOL_CONVERSION = YES;
				CLANG_WARN_CONSTANT_CONVERSION = YES;
				CLANG_WARN_DIRECT_OBJC_ISA_USAGE = YES_ERROR;
				CLANG_WARN_DOCUMENTATION_COMMENTS = YES;
				CLANG_WARN_EMPTY_BODY = YES;
				CLANG_WARN_ENUM_CONVERSION = YES;
				CLANG_WARN_INFINITE_RECURSION = YES;
				CLANG_WARN_INT_CONVERSION = YES;
				CLANG_WARN_OBJC_ROOT_CLASS = YES_ERROR;
				CLANG_WARN_SUSPICIOUS_MOVES = YES;
				CLANG_WARN_UNREACHABLE_CODE = YES;
				CLANG_WARN__DUPLICATE_METHOD_MATCH = YES;
				CODE_SIGN_IDENTITY = "-";
				COPY_PHASE_STRIP = NO;
				DEBUG_INFORMATION_FORMAT = dwarf;
				ENABLE_STRICT_OBJC_MSGSEND = YES;
				ENABLE_TESTABILITY = YES;
				GCC_C_LANGUAGE_STANDARD = gnu99;
				GCC_DYNAMIC_NO_PIC = NO;
				GCC_NO_COMMON_BLOCKS = YES;
				GCC_OPTIMIZATION_LEVEL = 0;
				GCC_PREPROCESSOR_DEFINITIONS = (
					"DEBUG=1",
					"$(inherited)",
				);
				GCC_WARN_64_TO_32_BIT_CONVERSION = YES;
				GCC_WARN_ABOUT_RETURN_TYPE = YES_ERROR;
				GCC_WARN_UNDECLARED_SELECTOR = YES;
				GCC_WARN_UNINITIALIZED_AUTOS = YES_AGGRESSIVE;
				GCC_WARN_UNUSED_FUNCTION = YES;
				GCC_WARN_UNUSED_VARIABLE = YES;
				MACOSX_DEPLOYMENT_TARGET = 10.11;
				MTL_ENABLE_DEBUG_INFO = YES;
				ONLY_ACTIVE_ARCH = YES;
				SDKROOT = macosx;
			};
			name = Debug;
		};
		63CD1ED21DCA4583006C5CD0 /* Release */ = {
			isa = XCBuildConfiguration;
			buildSettings = {
				ALWAYS_SEARCH_USER_PATHS = NO;
				CLANG_ANALYZER_NONNULL = YES;
				CLANG_CXX_LANGUAGE_STANDARD = "gnu++0x";
				CLANG_CXX_LIBRARY = "libc++";
				CLANG_ENABLE_MODULES = YES;
				CLANG_ENABLE_OBJC_ARC = YES;
				CLANG_WARN_BOOL_CONVERSION = YES;
				CLANG_WARN_CONSTANT_CONVERSION = YES;
				CLANG_WARN_DIRECT_OBJC_ISA_USAGE = YES_ERROR;
				CLANG_WARN_DOCUMENTATION_COMMENTS = YES;
				CLANG_WARN_EMPTY_BODY = YES;
				CLANG_WARN_ENUM_CONVERSION = YES;
				CLANG_WARN_INFINITE_RECURSION = YES;
				CLANG_WARN_INT_CONVERSION = YES;
				CLANG_WARN_OBJC_ROOT_CLASS = YES_ERROR;
				CLANG_WARN_SUSPICIOUS_MOVES = YES;
				CLANG_WARN_UNREACHABLE_CODE = YES;
				CLANG_WARN__DUPLICATE_METHOD_MATCH = YES;
				CODE_SIGN_IDENTITY = "-";
				COPY_PHASE_STRIP = NO;
				DEBUG_INFORMATION_FORMAT = "dwarf-with-dsym";
				ENABLE_NS_ASSERTIONS = NO;
				ENABLE_STRICT_OBJC_MSGSEND = YES;
				GCC_C_LANGUAGE_STANDARD = gnu99;
				GCC_NO_COMMON_BLOCKS = YES;
				GCC_WARN_64_TO_32_BIT_CONVERSION = YES;
				GCC_WARN_ABOUT_RETURN_TYPE = YES_ERROR;
				GCC_WARN_UNDECLARED_SELECTOR = YES;
				GCC_WARN_UNINITIALIZED_AUTOS = YES_AGGRESSIVE;
				GCC_WARN_UNUSED_FUNCTION = YES;
				GCC_WARN_UNUSED_VARIABLE = YES;
				MACOSX_DEPLOYMENT_TARGET = 10.11;
				MTL_ENABLE_DEBUG_INFO = NO;
				SDKROOT = macosx;
			};
			name = Release;
		};
		63CD1ED41DCA4583006C5CD0 /* Debug */ = {
			isa = XCBuildConfiguration;
			buildSettings = {
				PRODUCT_NAME = "$(TARGET_NAME)";
			};
			name = Debug;
		};
		63CD1ED51DCA4583006C5CD0 /* Release */ = {
			isa = XCBuildConfiguration;
			buildSettings = {
				PRODUCT_NAME = "$(TARGET_NAME)";
			};
			name = Release;
		};
		63CD1EDF1DCA459D006C5CD0 /* Debug */ = {
			isa = XCBuildConfiguration;
			buildSettings = {
				PRODUCT_NAME = "$(TARGET_NAME)";
			};
			name = Debug;
		};
		63CD1EE01DCA459D006C5CD0 /* Release */ = {
			isa = XCBuildConfiguration;
			buildSettings = {
				PRODUCT_NAME = "$(TARGET_NAME)";
			};
			name = Release;
		};
/* End XCBuildConfiguration section */

/* Begin XCConfigurationList section */
		63CD1EC71DCA4583006C5CD0 /* Build configuration list for PBXProject "Proj5" */ = {
			isa = XCConfigurationList;
			buildConfigurations = (
				63CD1ED11DCA4583006C5CD0 /* Debug */,
				63CD1ED21DCA4583006C5CD0 /* Release */,
			);
			defaultConfigurationIsVisible = 0;
			defaultConfigurationName = Release;
		};
		63CD1ED31DCA4583006C5CD0 /* Build configuration list for PBXNativeTarget "Proj5" */ = {
			isa = XCConfigurationList;
			buildConfigurations = (
				63CD1ED41DCA4583006C5CD0 /* Debug */,
				63CD1ED51DCA4583006C5CD0 /* Release */,
			);
			defaultConfigurationIsVisible = 0;
		};
		63CD1EDE1DCA459D006C5CD0 /* Build configuration list for PBXNativeTarget "User" */ = {
			isa = XCConfigurationList;
			buildConfigurations = (
				63CD1EDF1DCA459D006C5CD0 /* Debug */,
				63CD1EE01DCA459D006C5CD0 /* Release */,
			);
			defaultConfigurationIsVisible = 0;
		};
/* End XCConfigurationList section */
	};
	rootObject = 63CD1EC41DCA4583006C5CD0 /* Project object */;
}
